
Microsoft Visual Studio Solution File, Format Version 12.00
# Visual Studio Version 17
VisualStudioVersion = 17.0.31903.59
MinimumVisualStudioVersion = 10.0.40219.1
Project("{FAE04EC0-301F-11D3-BF4B-00C04F79EFBC}") = "CarBook.WebAPI", "CarBook.WebAPI\CarBook.WebAPI.csproj", "{F6A45171-D58F-48E8-9B2C-BA86D3736181}"
EndProject
Project("{FAE04EC0-301F-11D3-BF4B-00C04F79EFBC}") = "CarBook.Persistence", "CarBook.Persistence\CarBook.Persistence.csproj", "{19C369F2-D541-4E61-8B30-1D64A78E8143}"
EndProject
Project("{FAE04EC0-301F-11D3-BF4B-00C04F79EFBC}") = "CarBook.Domain", "CarBook.Domain\CarBook.Domain.csproj", "{6A60F91F-A8FC-4662-A5AE-04B0ACFEB6C3}"
EndProject
Project("{FAE04EC0-301F-11D3-BF4B-00C04F79EFBC}") = "CarBook.Application", "CarBook.Application\CarBook.Application.csproj", "{9694FDB0-D9F7-434C-B971-B729534B7523}"
EndProject
Project("{FAE04EC0-301F-11D3-BF4B-00C04F79EFBC}") = "CarBook.Infrastructure", "CarBook.Infrastructure\CarBook.Infrastructure.csproj", "{C8BEDFB5-341B-49F0-8ED2-DA704B9E5DC2}"
EndProject
Global
	GlobalSection(SolutionConfigurationPlatforms) = preSolution
		Debug|Any CPU = Debug|Any CPU
		Release|Any CPU = Release|Any CPU
	EndGlobalSection
	GlobalSection(SolutionProperties) = preSolution
		HideSolutionNode = FALSE
	EndGlobalSection
	GlobalSection(ProjectConfigurationPlatforms) = postSolution
		{F6A45171-D58F-48E8-9B2C-BA86D3736181}.Debug|Any CPU.ActiveCfg = Debug|Any CPU
		{F6A45171-D58F-48E8-9B2C-BA86D3736181}.Debug|Any CPU.Build.0 = Debug|Any CPU
		{F6A45171-D58F-48E8-9B2C-BA86D3736181}.Release|Any CPU.ActiveCfg = Release|Any CPU
		{F6A45171-D58F-48E8-9B2C-BA86D3736181}.Release|Any CPU.Build.0 = Release|Any CPU
		{19C369F2-D541-4E61-8B30-1D64A78E8143}.Debug|Any CPU.ActiveCfg = Debug|Any CPU
		{19C369F2-D541-4E61-8B30-1D64A78E8143}.Debug|Any CPU.Build.0 = Debug|Any CPU
		{19C369F2-D541-4E61-8B30-1D64A78E8143}.Release|Any CPU.ActiveCfg = Release|Any CPU
		{19C369F2-D541-4E61-8B30-1D64A78E8143}.Release|Any CPU.Build.0 = Release|Any CPU
		{6A60F91F-A8FC-4662-A5AE-04B0ACFEB6C3}.Debug|Any CPU.ActiveCfg = Debug|Any CPU
		{6A60F91F-A8FC-4662-A5AE-04B0ACFEB6C3}.Debug|Any CPU.Build.0 = Debug|Any CPU
		{6A60F91F-A8FC-4662-A5AE-04B0ACFEB6C3}.Release|Any CPU.ActiveCfg = Release|Any CPU
		{6A60F91F-A8FC-4662-A5AE-04B0ACFEB6C3}.Release|Any CPU.Build.0 = Release|Any CPU
		{9694FDB0-D9F7-434C-B971-B729534B7523}.Debug|Any CPU.ActiveCfg = Debug|Any CPU
		{9694FDB0-D9F7-434C-B971-B729534B7523}.Debug|Any CPU.Build.0 = Debug|Any CPU
		{9694FDB0-D9F7-434C-B971-B729534B7523}.Release|Any CPU.ActiveCfg = Release|Any CPU
		{9694FDB0-D9F7-434C-B971-B729534B7523}.Release|Any CPU.Build.0 = Release|Any CPU
		{C8BEDFB5-341B-49F0-8ED2-DA704B9E5DC2}.Debug|Any CPU.ActiveCfg = Debug|Any CPU
		{C8BEDFB5-341B-49F0-8ED2-DA704B9E5DC2}.Debug|Any CPU.Build.0 = Debug|Any CPU
		{C8BEDFB5-341B-49F0-8ED2-DA704B9E5DC2}.Release|Any CPU.ActiveCfg = Release|Any CPU
		{C8BEDFB5-341B-49F0-8ED2-DA704B9E5DC2}.Release|Any CPU.Build.0 = Release|Any CPU
	EndGlobalSection
EndGlobal
